{
    "_meta": {
        "hash": {
            "sha256": "d391af4b4320d0e6ca84795a9a03c14fb5ea871e1bc6a8df43e6750dff1dc5ce"
        },
        "pipfile-spec": 6,
        "requires": {},
        "sources": [
            {
                "url": "https://pypi.python.org/simple",
                "verify_ssl": true
            }
        ]
    },
    "default": {
        "apscheduler": {
            "hashes": [
                "sha256:443d015339ceca347f9ed14a66e9b610f99f19f8ef9048aa1cdabee2560824e1",
                "sha256:952c8f46a11f32b9d5bfbe3e347dac2cdf0680d8b4799590dc9c3a9865b73b65"
            ],
            "version": "==3.5.1"
        },
        "beautifulsoup4": {
            "hashes": [
                "sha256:11a9a27b7d3bddc6d86f59fb76afb70e921a25ac2d6cc55b40d072bd68435a76",
                "sha256:7015e76bf32f1f574636c4288399a6de66ce08fb7b2457f628a8d70c0fbabb11",
                "sha256:808b6ac932dccb0a4126558f7dfdcf41710dd44a4ef497a0bb59a77f9f078e89"
            ],
            "version": "==4.6.0"
        },
        "certifi": {
            "hashes": [
                "sha256:1a4995114262bffbc2413b159f2a1a480c969de6e6eb13ee966d470af86af59c",
                "sha256:719a74fb9e33b9bd44cc7f3a8d94bc35e4049deebe19ba7d8e108280cfd59830"
            ],
            "version": "==2020.12.5"
        },
        "chardet": {
            "hashes": [
                "sha256:84ab92ed1c4d4f16916e05906b6b75a6c0fb5db821cc65e70cbd64a3e2a5eaae",
                "sha256:fc323ffcaeaed0e0a02bf4d117757b98aed530d9ed4531e3e15460124c106691"
            ],
            "version": "==3.0.4"
        },
        "django": {
            "hashes": [
                "sha256:0120b3b60760fb0617848b58aaa9702c0bf963320ed472f0879c5c55ab75b64a",
                "sha256:b6f3b864944276b4fd1d099952112696558f78b77b39188ac92b6c5e80152c30"
            ],
            "version": "==1.11"
        },
        "fuzzywuzzy": {
            "hashes": [
                "sha256:d40c22d2744dff84885b30bbfc07fab7875f641d070374331777a4d1808b8d4e",
                "sha256:ecf490216fb4d76b558a03042ff8f45a8782f17326caca1384d834cbaa2c7e6f"
            ],
            "version": "==0.16.0"
        },
        "gevent": {
            "hashes": [
                "sha256:01ee9787d0a2182c0d56026d3923f73e6879835b1a85d4f996d00d09f1ecab20",
                "sha256:0bae07cfd8a5a027b8e8a94d74e875d10809f2cc05bde84f31fd1748e4d43657",
                "sha256:42b667080f7ab662d9c13d2e4d03289ee807d7926af9917685c844e481141563",
                "sha256:4b668ea8a3e9e348aec21cd43e6fab63c5b50f0c6d57fa8b4cfb6cf9c72953d1",
                "sha256:5756aabe722e158eff7a34124163f4c4f3dff01d078d00365ca21b380381906d",
                "sha256:59465c7bce7671834f58b44ef62cd8626f1557a0e7e3de44a3b596056f8adc73",
                "sha256:6a28d9e375df29200a5e0503f899a45b902cc0e40f4e4de1471773d87c43607a",
                "sha256:73e50dccb4a2787002867ea59f40f5e0a5080f841d003f7660794bde216187c9",
                "sha256:795006da15d13227d811c09999d37acc92c43c27341a2c9ae96094135ad56908",
                "sha256:8957d025e3c361b56b268f35e59777013827848e166d8c0219e47d3b80e2f1ac",
                "sha256:8c461a5897e520dd5ec4de725dae030d8c0ac74d07c704aa1fb3b6453315b865",
                "sha256:9bff994b9eb5fb2652af74dc8adb09914f3752db25381ccb2c75e2fa45e4f522",
                "sha256:a9fa2de95f203982135aaa80979270df83a195a38a152103cd3723b185e407ff",
                "sha256:ac0d572a48275495db9513d7bb5d41ccf4f820b7df4594e704fa5891de0d86c4",
                "sha256:ba94d6b3998fbb2828fb9d585e409ec46d958bafd7e3f185a14146c3615231d7",
                "sha256:bb3bd3aaec9cc51f6fcbb2e7ac2063a1a0160159fe0fee5e978ebceef4ed35d2",
                "sha256:cb2f2810a4a1de40cec38d18d3255eb6f4b0778ed3b4dcce03b0b7d462f1f8d4",
                "sha256:df7794dc0117215a236b7efe83850dbf6ff90c34c5d0b4da01843f89efabc3d4",
                "sha256:e66bac19c88faad0884da2e7b95ef90053927e552e3e50046145014d54dd9d01",
                "sha256:f04bbc9b64696775a2367b1d07c124d1ae1d1d70bdd4523db28f81de126d22e6",
                "sha256:fd6fdfa71cf4a21d33c32df2b261b18aaf41128e6db29c1d27c5fa5e0a5459d5"
            ],
            "version": "==1.3.3"
        },
        "greenlet": {
            "hashes": [
                "sha256:1023d7b43ca11264ab7052cb09f5635d4afdb43df55e0854498fc63070a0b206",
                "sha256:124a3ae41215f71dc91d1a3d45cbf2f84e46b543e5d60b99ecc20e24b4c8f272",
                "sha256:13037e2d7ab2145300676852fa069235512fdeba4ed1e3bb4b0677a04223c525",
                "sha256:3af587e9813f9bd8be9212722321a5e7be23b2bc37e6323a90e592ab0c2ef117",
                "sha256:41d8835c69a78de718e466dd0e6bfd4b46125f21a67c3ff6d76d8d8059868d6b",
                "sha256:4481002118b2f1588fa3d821936ffdc03db80ef21186b62b90c18db4ba5e743b",
                "sha256:47825c3a109f0331b1e54c1173d4e57fa000aa6c96756b62852bfa1af91cd652",
                "sha256:5494e3baeacc371d988345fbf8aa4bd15555b3077c40afcf1994776bb6d77eaf",
                "sha256:75e4c27188f28149b74e7685809f9227410fd15432a4438fc48627f518577fa5",
                "sha256:97f2b01ab622a4aa4b3724a3e1fba66f47f054c434fbaa551833fa2b41e3db51",
                "sha256:a34023b9eabb3525ee059f3bf33a417d2e437f7f17e341d334987d4091ae6072",
                "sha256:ac85db59aa43d78547f95fc7b6fd2913e02b9e9b09e2490dfb7bbdf47b2a4914",
                "sha256:be7a79988b8fdc5bbbeaed69e79cfb373da9759242f1565668be4fb7f3f37552",
                "sha256:bee111161420f341a346731279dd976be161b465c1286f82cc0779baf7b729e8",
                "sha256:ccd62f09f90b2730150d82f2f2ffc34d73c6ce7eac234aed04d15dc8a3023994",
                "sha256:d3436110ca66fe3981031cc6aff8cc7a40d8411d173dde73ddaa5b8445385e2d",
                "sha256:e495096e3e2e8f7192afb6aaeba19babc4fb2bdf543d7b7fed59e00c1df7f170",
                "sha256:e66a824f44892bc4ec66c58601a413419cafa9cec895e63d8da889c8a1a4fa4a"
            ],
            "markers": "platform_python_implementation == 'CPython'",
            "version": "==0.4.17"
        },
        "idna": {
            "hashes": [
                "sha256:156a6814fb5ac1fc6850fb002e0852d56c0c8d2531923a51032d1b70760e186e",
                "sha256:684a38a6f903c1d71d6d5fac066b58d7768af4de2b832e426ec79c30daa94a16"
            ],
            "version": "==2.7"
        },
        "iso639": {
            "hashes": [
                "sha256:88b70cf6c64ee9c2c2972292818c8beb32db9ea6f4de1f8471a9b081a3d92e98"
            ],
            "version": "==0.1.4"
        },
        "lxml": {
            "hashes": [
                "sha256:0448576c148c129594d890265b1a83b9cd76fd1f0a6a04620753d9a6bcfd0a4d",
                "sha256:127f76864468d6630e1b453d3ffbbd04b024c674f55cf0a30dc2595137892d37",
                "sha256:1471cee35eba321827d7d53d104e7b8c593ea3ad376aa2df89533ce8e1b24a01",
                "sha256:2363c35637d2d9d6f26f60a208819e7eafc4305ce39dc1d5005eccc4593331c2",
                "sha256:2e5cc908fe43fe1aa299e58046ad66981131a66aea3129aac7770c37f590a644",
                "sha256:2e6fd1b8acd005bd71e6c94f30c055594bbd0aa02ef51a22bbfa961ab63b2d75",
                "sha256:366cb750140f221523fa062d641393092813b81e15d0e25d9f7c6025f910ee80",
                "sha256:42ebca24ba2a21065fb546f3e6bd0c58c3fe9ac298f3a320147029a4850f51a2",
                "sha256:4e751e77006da34643ab782e4a5cc21ea7b755551db202bc4d3a423b307db780",
                "sha256:4fb85c447e288df535b17ebdebf0ec1cf3a3f1a8eba7e79169f4f37af43c6b98",
                "sha256:50c348995b47b5a4e330362cf39fc503b4a43b14a91c34c83b955e1805c8e308",
                "sha256:535332fe9d00c3cd455bd3dd7d4bacab86e2d564bdf7606079160fa6251caacf",
                "sha256:535f067002b0fd1a4e5296a8f1bf88193080ff992a195e66964ef2a6cfec5388",
                "sha256:5be4a2e212bb6aa045e37f7d48e3e1e4b6fd259882ed5a00786f82e8c37ce77d",
                "sha256:60a20bfc3bd234d54d49c388950195d23a5583d4108e1a1d47c9eef8d8c042b3",
                "sha256:648914abafe67f11be7d93c1a546068f8eff3c5fa938e1f94509e4a5d682b2d8",
                "sha256:681d75e1a38a69f1e64ab82fe4b1ed3fd758717bed735fb9aeaa124143f051af",
                "sha256:68a5d77e440df94011214b7db907ec8f19e439507a70c958f750c18d88f995d2",
                "sha256:69a63f83e88138ab7642d8f61418cf3180a4d8cd13995df87725cb8b893e950e",
                "sha256:6e4183800f16f3679076dfa8abf2db3083919d7e30764a069fb66b2b9eff9939",
                "sha256:6fd8d5903c2e53f49e99359b063df27fdf7acb89a52b6a12494208bf61345a03",
                "sha256:791394449e98243839fa822a637177dd42a95f4883ad3dec2a0ce6ac99fb0a9d",
                "sha256:7a7669ff50f41225ca5d6ee0a1ec8413f3a0d8aa2b109f86d540887b7ec0d72a",
                "sha256:7e9eac1e526386df7c70ef253b792a0a12dd86d833b1d329e038c7a235dfceb5",
                "sha256:7ee8af0b9f7de635c61cdd5b8534b76c52cd03536f29f51151b377f76e214a1a",
                "sha256:8246f30ca34dc712ab07e51dc34fea883c00b7ccb0e614651e49da2c49a30711",
                "sha256:8c88b599e226994ad4db29d93bc149aa1aff3dc3a4355dd5757569ba78632bdf",
                "sha256:923963e989ffbceaa210ac37afc9b906acebe945d2723e9679b643513837b089",
                "sha256:94d55bd03d8671686e3f012577d9caa5421a07286dd351dfef64791cf7c6c505",
                "sha256:97db258793d193c7b62d4e2586c6ed98d51086e93f9a3af2b2034af01450a74b",
                "sha256:a9d6bc8642e2c67db33f1247a77c53476f3a166e09067c0474facb045756087f",
                "sha256:cd11c7e8d21af997ee8079037fff88f16fda188a9776eb4b81c7e4c9c0a7d7fc",
                "sha256:d8d3d4713f0c28bdc6c806a278d998546e8efc3498949e3ace6e117462ac0a5e",
                "sha256:e0bfe9bb028974a481410432dbe1b182e8191d5d40382e5b8ff39cdd2e5c5931",
                "sha256:f4822c0660c3754f1a41a655e37cb4dbbc9be3d35b125a37fab6f82d47674ebc",
                "sha256:f83d281bb2a6217cd806f4cf0ddded436790e66f393e124dfe9731f6b3fb9afe",
                "sha256:fc37870d6716b137e80d19241d0e2cff7a7643b925dfa49b4c8ebd1295eb506e"
            ],
            "version": "==4.6.2"
        },
        "opencc-python-reimplemented": {
            "hashes": [
                "sha256:7aa48763225d927c33a9af44359c6bfe71a6ed971cb8340e53de98ee0b2385ff"
            ],
            "version": "==0.1.3"
        },
        "pycountry": {
            "hashes": [
                "sha256:195d8174fd6f98f45622d2885826091fc8b2168184422dac574311073ab8386c",
                "sha256:7f2aa2529c60f6575af3cd644688b201b97016822ce0ce1c4bcc0f7d08900997",
                "sha256:ea38f839e719be54dfae1b089cbf1917add6ff8f43a55533d8c7c5799656a848"
            ],
            "version": "==18.5.26"
        },
        "pymongo": {
            "hashes": [
                "sha256:061085dfe4fbf1d9d6ed2f2e52fe6ab72559e48b4294370b433751638160d10b",
                "sha256:07fdee1c5567f237796a8550233e04853785d8dcf95929f96ab519ed91543109",
                "sha256:0d98731aaea8cb32b535c376f6785927e4e3d9459ffe1440b8a639827a849350",
                "sha256:10f683950f70626ccedf4a662d1c0b3244e8e013c2067872af5633830abd1bfd",
                "sha256:2954b99cfeb76776879e9f8a4cae9c5e19d5eff92d0b7b663ceddcf192adb66b",
                "sha256:419ed5d5b76ef304815f354d9df7f2085acfd6ff7cc1b714ca702e2239b341c2",
                "sha256:42ec201fd9a26e7c1e611e3db19324dead51dd4646391492eb238b41749340e8",
                "sha256:4400fa92af310bf66b76c313c7ded3bb63f3d63b4f43c3bfbff552cf294dc9fa",
                "sha256:4807dfbb5cdcfe0224329992dc48b897c780d0ad7553c3799d34f84ba5cab446",
                "sha256:54daf67e1e7e7e5a5160c86123bdd39b1d3b25876c2ab38230dc2a764cb3d98f",
                "sha256:5fd6ce5ed3c6c92d2c94756e6bf041304e5c7c5a5dbea31b8957d52a78bdf01d",
                "sha256:601e00fe7fb283f04c95f5dafb787c0862f48ca015a6f1f81b460c74e4303873",
                "sha256:7fbd9233e8b6741b047c5857e2ad5efb74091f167d7fa8a2a3379217165058f9",
                "sha256:7ffac35362c07c103b024b89875e8d7f0625129b65c56fa8a3ecebbd56110405",
                "sha256:833bc6cb2ec7058dea9f5840a9314ac74738d2117486a044e88f3976e37ea7a0",
                "sha256:92cb26a2a9b38e8df5215803f950b20a6c847d5e00d1dd125eaa84f05f9472d7",
                "sha256:9e5f0e8967d95a256038817460844a8aab588b9bc9ba6296507a1863960a0e44",
                "sha256:abf83b908e535b1386a7732825994e6e36eff6394c1829f3e7a23888136484fa",
                "sha256:adb2dba52c8a2a2d7bcd3b267f7bbf7c822850cf6a7cd15211b9f386c3a670ef",
                "sha256:ae7b3479822a03f6f651913de84ba67101f23e051ae88034085e974f472dcfff",
                "sha256:cc15b30f0ac518e6cbd4b6e6e6162f8aa14edfe255d0841146f146151bd58865",
                "sha256:d23498d62063b715078947bef48fa4d34dc354f3b268ed15dc6b46fc809a88e9",
                "sha256:dd29bb5bc9068ccc248c8c145efd839421f04363b468b47cfa2d4902ca369afe",
                "sha256:e53ad0cc6c489f83e7f6bb6121aa73bb6f6488410024a3bd77c16af1aa3a1000",
                "sha256:ecb11113407d919f8714cc7d0841985044633d0b561ef3d797e1b494a3e73537",
                "sha256:ece2c2add66d3ec2720a963bf073ca11fc3b0b58159767fc3bc5ddaad791d481",
                "sha256:ef25c8675f5c8c19832f69cd97d728d99bb4ab9c3b200e28a5c8416631afaf3c",
                "sha256:f62a818d643776873713c5676f17bd95ac4176220b13dd12c14edd3a450d1ac9",
                "sha256:f7ebcb846962ee40374db2d9014a89bea9c983ae63c1877957c3a0a756974796"
            ],
            "version": "==3.6.1"
        },
        "python-levenshtein": {
            "hashes": [
                "sha256:033a11de5e3d19ea25c9302d11224e1a1898fe5abd23c61c7c360c25195e3eb1"
            ],
            "version": "==0.12.0"
        },
        "pytz": {
            "hashes": [
                "sha256:16962c5fb8db4a8f63a26646d8886e9d769b6c511543557bc84e9569fb9a9cb4",
                "sha256:180befebb1927b16f6b57101720075a984c019ac16b1b7575673bea42c6c3da5"
            ],
            "version": "==2020.5"
        },
        "requests": {
            "hashes": [
                "sha256:421cfc8d9dde7d6aff68196420afd86b88c65d77d8da9cf83f4ecad785d7b9d6",
                "sha256:cc408268d0e21589bcc2b2c248e42932b8c4d112f499c12c92e99e2178a6134c"
            ],
            "version": "==2.19.0"
        },
        "simplejson": {
            "hashes": [
                "sha256:1e651e49b91024e615267fe800ad094c1174800ff06a3b29652f4a656dc51228",
                "sha256:2fa4eafab7cb4f900ce7739129cef0da1f25acfa89089540ce6241a15a61df78",
                "sha256:346ef48e38d202634ef5f8402d3e043984ef9f504f00b2275807cc8a01ae7d31",
                "sha256:523d3df8dd6a366f8911ffdd9778d2e52d174f1b2ae867c543f9f200ab06595d",
                "sha256:839ce3128375c4b6a08b4d20e67befe8fc0d6cf7ed1a1ee6117f035225368de8",
                "sha256:97502022f2fe5cf78580d5b0889030a62f46080508d32a0992ee7d7d107790b8",
                "sha256:ad332f65d9551ceffc132d0a683f4ffd12e4bc7538681100190d577ced3473fb",
                "sha256:b5263de68cd0891ff4fe8ceb14e6382635ffb1be2ee0c8f7e664681679cd8163",
                "sha256:bb68f637d12dccf7ddeece29b4a5f27f15b768dff7f02c198d3d7640f9b8d2dc",
                "sha256:d6b38d952a3e90022287998928b12a77471b054455bcded9731dfb8371c47df8",
                "sha256:d7e1191ddccabcdc5b300d4469e0fbe69abda6d5e1fba37dad66f8a9913a9994",
                "sha256:f00fb192452506454ce7dba6de5a0d5386631e1d6cbc8dcb7e7d4b220bb13c06"
            ],
            "version": "==3.15.0"
        },
        "six": {
            "hashes": [
                "sha256:30639c035cdb23534cd4aa2dd52c3bf48f06e5f4a941509c8bafd8ce11080259",
                "sha256:8b74bedcbbbaca38ff6d7491d76f2b06b3592611af620f8426e82dddb04a5ced"
            ],
            "version": "==1.15.0"
        },
        "tqdm": {
            "hashes": [
                "sha256:224291ee0d8c52d91b037fd90806f48c79bcd9994d3b0abc9e44b946a908fccd",
                "sha256:77b8424d41b31e68f437c6dd9cd567aebc9a860507cb42fbd880a5f822d966fe"
            ],
            "version": "==4.23.4"
        },
        "tzlocal": {
            "hashes": [
                "sha256:643c97c5294aedc737780a49d9df30889321cbe1204eac2c2ec6134035a92e44",
                "sha256:e2cb6c6b5b604af38597403e9852872d7f534962ae2954c7f35efcb1ccacf4a4"
            ],
            "version": "==2.1"
        },
        "unidecode": {
            "hashes": [
                "sha256:72f49d3729f3d8f5799f710b97c1451c5163102e76d64d20e170aedbbd923582",
                "sha256:8c33dd588e0c9bc22a76eaa0c715a5434851f726131bd44a6c26471746efabf5"
            ],
            "version": "==1.0.22"
        },
        "urllib3": {
            "hashes": [
                "sha256:a68ac5e15e76e7e5dd2b8f94007233e01effe3e50e8daddf69acfd81cb686baf",
                "sha256:b5725a0bd4ba422ab0e66e89e030c806576753ea3ee08554382c14e685d117b5"
            ],
            "version": "==1.23"
        }
    },
    "develop": {}
}
